# This file was autogenerated by Stack.
# You should not edit this file by hand.
# For more information, please see the documentation at:
#   https://docs.haskellstack.org/en/stable/lock_files

packages:
- completed:
    hackage: datetime-0.3.1@sha256:7e275bd0ce7a2f66445bedfa0006abaf4d41af4c2204c3f8004c17eab5480e74,1534
    pantry-tree:
      size: 334
      sha256: d41d182c143676464cb1774f0b7777e870ddeaf8b6cd5fee6ff0114997a1f504
  original:
    hackage: datetime-0.3.1
- completed:
    hackage: sitepipe-0.4.0.1@sha256:5fc6cda5c34b68900d4dcbc4c69a812419d33aefe89705918f048ae16823afad,1470
    pantry-tree:
      size: 702
      sha256: b96e437558da5a86e03650a434e4d516fbf8f1345b5a59655b7fa80c4f07222f
  original:
    hackage: sitepipe-0.4.0.1
- completed:
    hackage: strptime-1.0.10@sha256:f7f0c3ffedbedbfebc4ce77e0015b4ad879d79dffe11a747da7a304900b09d13,1156
    pantry-tree:
      size: 331
      sha256: fb752cf40a8ac7ac9f6590b93d37b9ad9f3b4252d04f237b9e9f201226c8004b
  original:
    hackage: strptime-1.0.10
snapshots:
- completed:
    size: 523443
    url: https://raw.githubusercontent.com/commercialhaskell/stackage-snapshots/master/lts/14/0.yaml
    sha256: 283773e7120f5446d961eab35ea95c9af9c24187cc178537bd29273200a05171
  original: lts-14.0
